{
  "name": "main-stage",
  "version": "1.0.0",
  "lockfileVersion": 3,
  "requires": true,
  "packages": {
    "": {
      "name": "main-stage",
      "version": "1.0.0",
      "devDependencies": {
        "fuck-slides": "file:../fuckslides/packages/core"
      }
    },
    "../fuckslides/packages/core": {
      "name": "fuck-slides",
      "version": "0.1.0",
      "dev": true,
      "license": "MIT",
      "dependencies": {
        "@anthropic-ai/sdk": ">=0.30.0",
        "gif-encoder-2": "^1.0.5",
        "pdf-lib": "^1.17.1",
        "pngjs": "^7.0.0",
        "pptxgenjs": "^4.0.1",
        "puppeteer": "^24.42.0"
      },
      "bin": {
        "fuckslides": "bin/cli.js"
      }
    },
    "node_modules/fuck-slides": {
      "resolved": "../fuckslides/packages/core",
      "link": true
    }
  }
}
